{
  "name": "lightning-browser-extension",
  "version": "1.28.1",
  "lockfileVersion": 1,
  "requires": true,
  "dependencies": {
    "node": {
      "version": "18.14.0",
      "resolved": "https://registry.npmjs.org/node/-/node-18.14.0.tgz",
      "integrity": "sha512-H1TUHf7/SsJdgb+b5Y20f986pu+KItqQ8s6oV+QkUCWPn7v+kicZM8ewldtjWB3XrD3+zTW8DFLzDNjFg/nl7A==",
      "requires": {
        "node-bin-setup": "^1.0.0"
      }
    },
    "node-bin-setup": {
      "version": "1.1.3",
      "resolved": "https://registry.npmjs.org/node-bin-setup/-/node-bin-setup-1.1.3.tgz",
      "integrity": "sha512-opgw9iSCAzT2+6wJOETCpeRYAQxSopqQ2z+N6BXwIMsQQ7Zj5M8MaafQY8JMlolRR6R1UXg2WmhKp0p9lSOivg=="
    }
  }
}
